
Microsoft Visual Studio Solution File, Format Version 12.00
# Visual Studio Version 17
VisualStudioVersion = 17.3.32929.385
MinimumVisualStudioVersion = 10.0.40219.1
Project("{9A19103F-16F7-4668-BE54-9A1E7A4F7556}") = "MachEnquetes", "MachEnquetes\MachEnquetes.csproj", "{CB2648BA-BF97-48AC-A908-874D20B31F38}"
EndProject
Project("{9A19103F-16F7-4668-BE54-9A1E7A4F7556}") = "MachEnquetes.IntegrationTests", "MachEnquetes.IntegrationTests\MachEnquetes.IntegrationTests.csproj", "{C4C2E4E1-5333-40FB-A75E-726B89E0CEC5}"
EndProject
Global
	GlobalSection(SolutionConfigurationPlatforms) = preSolution
		Debug|Any CPU = Debug|Any CPU
		Release|Any CPU = Release|Any CPU
	EndGlobalSection
	GlobalSection(ProjectConfigurationPlatforms) = postSolution
		{CB2648BA-BF97-48AC-A908-874D20B31F38}.Debug|Any CPU.ActiveCfg = Debug|Any CPU
		{CB2648BA-BF97-48AC-A908-874D20B31F38}.Debug|Any CPU.Build.0 = Debug|Any CPU
		{CB2648BA-BF97-48AC-A908-874D20B31F38}.Release|Any CPU.ActiveCfg = Release|Any CPU
		{CB2648BA-BF97-48AC-A908-874D20B31F38}.Release|Any CPU.Build.0 = Release|Any CPU
		{C4C2E4E1-5333-40FB-A75E-726B89E0CEC5}.Debug|Any CPU.ActiveCfg = Debug|Any CPU
		{C4C2E4E1-5333-40FB-A75E-726B89E0CEC5}.Debug|Any CPU.Build.0 = Debug|Any CPU
		{C4C2E4E1-5333-40FB-A75E-726B89E0CEC5}.Release|Any CPU.ActiveCfg = Release|Any CPU
		{C4C2E4E1-5333-40FB-A75E-726B89E0CEC5}.Release|Any CPU.Build.0 = Release|Any CPU
	EndGlobalSection
	GlobalSection(SolutionProperties) = preSolution
		HideSolutionNode = FALSE
	EndGlobalSection
	GlobalSection(ExtensibilityGlobals) = postSolution
		SolutionGuid = {07375808-4268-4677-9F1C-B4512B8D748E}
	EndGlobalSection
EndGlobal
